// !$*UTF8*$!
{
	archiveVersion = 1;
	classes = {
	};
	objectVersion = 48;
	objects = {

/* Begin PBXBuildFile section */
		68012FE31FEB5329000DEEB3 /* Default-568h@2x.png in Resources */ = {isa = PBXBuildFile; fileRef = 68012FE21FEB5329000DEEB3 /* Default-568h@2x.png */; };
		680130091FEC7D66000DEEB3 /* CategoryViewController.swift in Sources */ = {isa = PBXBuildFile; fileRef = 680130081FEC7D66000DEEB3 /* CategoryViewController.swift */; };
		6816C6801FE9CD85000833B7 /* AppDelegate.swift in Sources */ = {isa = PBXBuildFile; fileRef = 6816C67F1FE9CD85000833B7 /* AppDelegate.swift */; };
		6816C6821FE9CD85000833B7 /* ToDoListViewController.swift in Sources */ = {isa = PBXBuildFile; fileRef = 6816C6811FE9CD85000833B7 /* ToDoListViewController.swift */; };
		6816C6851FE9CD85000833B7 /* Main.storyboard in Resources */ = {isa = PBXBuildFile; fileRef = 6816C6831FE9CD85000833B7 /* Main.storyboard */; };
		6816C6871FE9CD85000833B7 /* Assets.xcassets in Resources */ = {isa = PBXBuildFile; fileRef = 6816C6861FE9CD85000833B7 /* Assets.xcassets */; };
		6816C68A1FE9CD85000833B7 /* LaunchScreen.storyboard in Resources */ = {isa = PBXBuildFile; fileRef = 6816C6881FE9CD85000833B7 /* LaunchScreen.storyboard */; };
		68B7422F1FED3CA2003A4B5A /* Item.swift in Sources */ = {isa = PBXBuildFile; fileRef = 68B7422E1FED3CA2003A4B5A /* Item.swift */; };
		68B742311FED3CAD003A4B5A /* Category.swift in Sources */ = {isa = PBXBuildFile; fileRef = 68B742301FED3CAD003A4B5A /* Category.swift */; };
		799C4B09FE3AF19E4788F765 /* Pods_ToDoApp.framework in Frameworks */ = {isa = PBXBuildFile; fileRef = 66F51267D46397CC89AF31A1 /* Pods_ToDoApp.framework */; };
/* End PBXBuildFile section */

/* Begin PBXFileReference section */
		1E7CDC4B7929DBF00F799EC7 /* Pods-ToDoApp.debug.xcconfig */ = {isa = PBXFileReference; includeInIndex = 1; lastKnownFileType = text.xcconfig; name = "Pods-ToDoApp.debug.xcconfig"; path = "Pods/Target Support Files/Pods-ToDoApp/Pods-ToDoApp.debug.xcconfig"; sourceTree = "<group>"; };
		66F51267D46397CC89AF31A1 /* Pods_ToDoApp.framework */ = {isa = PBXFileReference; explicitFileType = wrapper.framework; includeInIndex = 0; path = Pods_ToDoApp.framework; sourceTree = BUILT_PRODUCTS_DIR; };
		68012FE21FEB5329000DEEB3 /* Default-568h@2x.png */ = {isa = PBXFileReference; lastKnownFileType = image.png; path = "Default-568h@2x.png"; sourceTree = "<group>"; };
		680130081FEC7D66000DEEB3 /* CategoryViewController.swift */ = {isa = PBXFileReference; lastKnownFileType = sourcecode.swift; name = CategoryViewController.swift; path = ToDoApp/Controllers/CategoryViewController.swift; sourceTree = SOURCE_ROOT; };
		6816C67C1FE9CD85000833B7 /* ToDoApp.app */ = {isa = PBXFileReference; explicitFileType = wrapper.application; includeInIndex = 0; path = ToDoApp.app; sourceTree = BUILT_PRODUCTS_DIR; };
		6816C67F1FE9CD85000833B7 /* AppDelegate.swift */ = {isa = PBXFileReference; lastKnownFileType = sourcecode.swift; path = AppDelegate.swift; sourceTree = "<group>"; };
		6816C6811FE9CD85000833B7 /* ToDoListViewController.swift */ = {isa = PBXFileReference; lastKnownFileType = sourcecode.swift; path = ToDoListViewController.swift; sourceTree = "<group>"; };
		6816C6841FE9CD85000833B7 /* Base */ = {isa = PBXFileReference; lastKnownFileType = file.storyboard; name = Base; path = Base.lproj/Main.storyboard; sourceTree = "<group>"; };
		6816C6861FE9CD85000833B7 /* Assets.xcassets */ = {isa = PBXFileReference; lastKnownFileType = folder.assetcatalog; path = Assets.xcassets; sourceTree = "<group>"; };
		6816C6891FE9CD85000833B7 /* Base */ = {isa = PBXFileReference; lastKnownFileType = file.storyboard; name = Base; path = Base.lproj/LaunchScreen.storyboard; sourceTree = "<group>"; };
		6816C68B1FE9CD85000833B7 /* Info.plist */ = {isa = PBXFileReference; lastKnownFileType = text.plist.xml; path = Info.plist; sourceTree = "<group>"; };
		68B7422E1FED3CA2003A4B5A /* Item.swift */ = {isa = PBXFileReference; lastKnownFileType = sourcecode.swift; path = Item.swift; sourceTree = "<group>"; };
		68B742301FED3CAD003A4B5A /* Category.swift */ = {isa = PBXFileReference; lastKnownFileType = sourcecode.swift; path = Category.swift; sourceTree = "<group>"; };
		E1C6D7EB34F7D0FF7900BD7A /* Pods-ToDoApp.release.xcconfig */ = {isa = PBXFileReference; includeInIndex = 1; lastKnownFileType = text.xcconfig; name = "Pods-ToDoApp.release.xcconfig"; path = "Pods/Target Support Files/Pods-ToDoApp/Pods-ToDoApp.release.xcconfig"; sourceTree = "<group>"; };
/* End PBXFileReference section */

/* Begin PBXFrameworksBuildPhase section */
		6816C6791FE9CD85000833B7 /* Frameworks */ = {
			isa = PBXFrameworksBuildPhase;
			buildActionMask = 2147483647;
			files = (
				799C4B09FE3AF19E4788F765 /* Pods_ToDoApp.framework in Frameworks */,
			);
			runOnlyForDeploymentPostprocessing = 0;
		};
/* End PBXFrameworksBuildPhase section */

/* Begin PBXGroup section */
		6816C6731FE9CD85000833B7 = {
			isa = PBXGroup;
			children = (
				68012FE21FEB5329000DEEB3 /* Default-568h@2x.png */,
				6816C67E1FE9CD85000833B7 /* ToDoApp */,
				6816C67D1FE9CD85000833B7 /* Products */,
				8235C5EFA30ED15894DEAE06 /* Pods */,
				F0684747779DB2357662180B /* Frameworks */,
			);
			sourceTree = "<group>";
		};
		6816C67D1FE9CD85000833B7 /* Products */ = {
			isa = PBXGroup;
			children = (
				6816C67C1FE9CD85000833B7 /* ToDoApp.app */,
			);
			name = Products;
			sourceTree = "<group>";
		};
		6816C67E1FE9CD85000833B7 /* ToDoApp */ = {
			isa = PBXGroup;
			children = (
				6816C67F1FE9CD85000833B7 /* AppDelegate.swift */,
				683266301FEB372E006084A7 /* Data Model */,
				683266341FEB3842006084A7 /* Controllers */,
				683266331FEB3839006084A7 /* Views */,
				683266351FEB387C006084A7 /* Supporting Files */,
				6816C68B1FE9CD85000833B7 /* Info.plist */,
			);
			path = ToDoApp;
			sourceTree = "<group>";
		};
		683266301FEB372E006084A7 /* Data Model */ = {
			isa = PBXGroup;
			children = (
				68B742301FED3CAD003A4B5A /* Category.swift */,
				68B7422E1FED3CA2003A4B5A /* Item.swift */,
			);
			path = "Data Model";
			sourceTree = "<group>";
		};
		683266331FEB3839006084A7 /* Views */ = {
			isa = PBXGroup;
			children = (
				6816C6881FE9CD85000833B7 /* LaunchScreen.storyboard */,
				6816C6831FE9CD85000833B7 /* Main.storyboard */,
			);
			path = Views;
			sourceTree = "<group>";
		};
		683266341FEB3842006084A7 /* Controllers */ = {
			isa = PBXGroup;
			children = (
				680130081FEC7D66000DEEB3 /* CategoryViewController.swift */,
				6816C6811FE9CD85000833B7 /* ToDoListViewController.swift */,
			);
			path = Controllers;
			sourceTree = "<group>";
		};
		683266351FEB387C006084A7 /* Supporting Files */ = {
			isa = PBXGroup;
			children = (
				6816C6861FE9CD85000833B7 /* Assets.xcassets */,
			);
			path = "Supporting Files";
			sourceTree = "<group>";
		};
		8235C5EFA30ED15894DEAE06 /* Pods */ = {
			isa = PBXGroup;
			children = (
				1E7CDC4B7929DBF00F799EC7 /* Pods-ToDoApp.debug.xcconfig */,
				E1C6D7EB34F7D0FF7900BD7A /* Pods-ToDoApp.release.xcconfig */,
			);
			name = Pods;
			sourceTree = "<group>";
		};
		F0684747779DB2357662180B /* Frameworks */ = {
			isa = PBXGroup;
			children = (
				66F51267D46397CC89AF31A1 /* Pods_ToDoApp.framework */,
			);
			name = Frameworks;
			sourceTree = "<group>";
		};
/* End PBXGroup section */

/* Begin PBXNativeTarget section */
		6816C67B1FE9CD85000833B7 /* ToDoApp */ = {
			isa = PBXNativeTarget;
			buildConfigurationList = 6816C68E1FE9CD85000833B7 /* Build configuration list for PBXNativeTarget "ToDoApp" */;
			buildPhases = (
				6D039656ACA062931C103FB4 /* [CP] Check Pods Manifest.lock */,
				6816C6781FE9CD85000833B7 /* Sources */,
				6816C6791FE9CD85000833B7 /* Frameworks */,
				6816C67A1FE9CD85000833B7 /* Resources */,
				046832DB7FBA14C86198BD76 /* [CP] Embed Pods Frameworks */,
				0377AB6440F01CF331998D35 /* [CP] Copy Pods Resources */,
			);
			buildRules = (
			);
			dependencies = (
			);
			name = ToDoApp;
			productName = ToDoApp;
			productReference = 6816C67C1FE9CD85000833B7 /* ToDoApp.app */;
			productType = "com.apple.product-type.application";
		};
/* End PBXNativeTarget section */

/* Begin PBXProject section */
		6816C6741FE9CD85000833B7 /* Project object */ = {
			isa = PBXProject;
			attributes = {
				LastSwiftUpdateCheck = 0900;
				LastUpgradeCheck = 0900;
				ORGANIZATIONNAME = "Grace Tay";
				TargetAttributes = {
					6816C67B1FE9CD85000833B7 = {
						CreatedOnToolsVersion = 9.0;
						ProvisioningStyle = Automatic;
					};
				};
			};
			buildConfigurationList = 6816C6771FE9CD85000833B7 /* Build configuration list for PBXProject "ToDoApp" */;
			compatibilityVersion = "Xcode 8.0";
			developmentRegion = en;
			hasScannedForEncodings = 0;
			knownRegions = (
				en,
				Base,
			);
			mainGroup = 6816C6731FE9CD85000833B7;
			productRefGroup = 6816C67D1FE9CD85000833B7 /* Products */;
			projectDirPath = "";
			projectRoot = "";
			targets = (
				6816C67B1FE9CD85000833B7 /* ToDoApp */,
			);
		};
/* End PBXProject section */

/* Begin PBXResourcesBuildPhase section */
		6816C67A1FE9CD85000833B7 /* Resources */ = {
			isa = PBXResourcesBuildPhase;
			buildActionMask = 2147483647;
			files = (
				6816C68A1FE9CD85000833B7 /* LaunchScreen.storyboard in Resources */,
				68012FE31FEB5329000DEEB3 /* Default-568h@2x.png in Resources */,
				6816C6871FE9CD85000833B7 /* Assets.xcassets in Resources */,
				6816C6851FE9CD85000833B7 /* Main.storyboard in Resources */,
			);
			runOnlyForDeploymentPostprocessing = 0;
		};
/* End PBXResourcesBuildPhase section */

/* Begin PBXShellScriptBuildPhase section */
		0377AB6440F01CF331998D35 /* [CP] Copy Pods Resources */ = {
			isa = PBXShellScriptBuildPhase;
			buildActionMask = 2147483647;
			files = (
			);
			inputPaths = (
			);
			name = "[CP] Copy Pods Resources";
			outputPaths = (
			);
			runOnlyForDeploymentPostprocessing = 0;
			shellPath = /bin/sh;
			shellScript = "\"${SRCROOT}/Pods/Target Support Files/Pods-ToDoApp/Pods-ToDoApp-resources.sh\"\n";
			showEnvVarsInLog = 0;
		};
		046832DB7FBA14C86198BD76 /* [CP] Embed Pods Frameworks */ = {
			isa = PBXShellScriptBuildPhase;
			buildActionMask = 2147483647;
			files = (
			);
			inputPaths = (
				"${SRCROOT}/Pods/Target Support Files/Pods-ToDoApp/Pods-ToDoApp-frameworks.sh",
				"${BUILT_PRODUCTS_DIR}/Realm/Realm.framework",
				"${BUILT_PRODUCTS_DIR}/RealmSwift/RealmSwift.framework",
			);
			name = "[CP] Embed Pods Frameworks";
			outputPaths = (
				"${TARGET_BUILD_DIR}/${FRAMEWORKS_FOLDER_PATH}/Realm.framework",
				"${TARGET_BUILD_DIR}/${FRAMEWORKS_FOLDER_PATH}/RealmSwift.framework",
			);
			runOnlyForDeploymentPostprocessing = 0;
			shellPath = /bin/sh;
			shellScript = "\"${SRCROOT}/Pods/Target Support Files/Pods-ToDoApp/Pods-ToDoApp-frameworks.sh\"\n";
			showEnvVarsInLog = 0;
		};
		6D039656ACA062931C103FB4 /* [CP] Check Pods Manifest.lock */ = {
			isa = PBXShellScriptBuildPhase;
			buildActionMask = 2147483647;
			files = (
			);
			inputPaths = (
				"${PODS_PODFILE_DIR_PATH}/Podfile.lock",
				"${PODS_ROOT}/Manifest.lock",
			);
			name = "[CP] Check Pods Manifest.lock";
			outputPaths = (
				"$(DERIVED_FILE_DIR)/Pods-ToDoApp-checkManifestLockResult.txt",
			);
			runOnlyForDeploymentPostprocessing = 0;
			shellPath = /bin/sh;
			shellScript = "diff \"${PODS_PODFILE_DIR_PATH}/Podfile.lock\" \"${PODS_ROOT}/Manifest.lock\" > /dev/null\nif [ $? != 0 ] ; then\n    # print error to STDERR\n    echo \"error: The sandbox is not in sync with the Podfile.lock. Run 'pod install' or update your CocoaPods installation.\" >&2\n    exit 1\nfi\n# This output is used by Xcode 'outputs' to avoid re-running this script phase.\necho \"SUCCESS\" > \"${SCRIPT_OUTPUT_FILE_0}\"\n";
			showEnvVarsInLog = 0;
		};
/* End PBXShellScriptBuildPhase section */

/* Begin PBXSourcesBuildPhase section */
		6816C6781FE9CD85000833B7 /* Sources */ = {
			isa = PBXSourcesBuildPhase;
			buildActionMask = 2147483647;
			files = (
				68B7422F1FED3CA2003A4B5A /* Item.swift in Sources */,
				680130091FEC7D66000DEEB3 /* CategoryViewController.swift in Sources */,
				6816C6821FE9CD85000833B7 /* ToDoListViewController.swift in Sources */,
				6816C6801FE9CD85000833B7 /* AppDelegate.swift in Sources */,
				68B742311FED3CAD003A4B5A /* Category.swift in Sources */,
			);
			runOnlyForDeploymentPostprocessing = 0;
		};
/* End PBXSourcesBuildPhase section */

/* Begin PBXVariantGroup section */
		6816C6831FE9CD85000833B7 /* Main.storyboard */ = {
			isa = PBXVariantGroup;
			children = (
				6816C6841FE9CD85000833B7 /* Base */,
			);
			name = Main.storyboard;
			sourceTree = "<group>";
		};
		6816C6881FE9CD85000833B7 /* LaunchScreen.storyboard */ = {
			isa = PBXVariantGroup;
			children = (
				6816C6891FE9CD85000833B7 /* Base */,
			);
			name = LaunchScreen.storyboard;
			sourceTree = "<group>";
		};
/* End PBXVariantGroup section */

/* Begin XCBuildConfiguration section */
		6816C68C1FE9CD85000833B7 /* Debug */ = {
			isa = XCBuildConfiguration;
			buildSettings = {
				ALWAYS_SEARCH_USER_PATHS = NO;
				CLANG_ANALYZER_NONNULL = YES;
				CLANG_ANALYZER_NUMBER_OBJECT_CONVERSION = YES_AGGRESSIVE;
				CLANG_CXX_LANGUAGE_STANDARD = "gnu++14";
				CLANG_CXX_LIBRARY = "libc++";
				CLANG_ENABLE_MODULES = YES;
				CLANG_ENABLE_OBJC_ARC = YES;
				CLANG_WARN_BLOCK_CAPTURE_AUTORELEASING = YES;
				CLANG_WARN_BOOL_CONVERSION = YES;
				CLANG_WARN_COMMA = YES;
				CLANG_WARN_CONSTANT_CONVERSION = YES;
				CLANG_WARN_DIRECT_OBJC_ISA_USAGE = YES_ERROR;
				CLANG_WARN_DOCUMENTATION_COMMENTS = YES;
				CLANG_WARN_EMPTY_BODY = YES;
				CLANG_WARN_ENUM_CONVERSION = YES;
				CLANG_WARN_INFINITE_RECURSION = YES;
				CLANG_WARN_INT_CONVERSION = YES;
				CLANG_WARN_NON_LITERAL_NULL_CONVERSION = YES;
				CLANG_WARN_OBJC_LITERAL_CONVERSION = YES;
				CLANG_WARN_OBJC_ROOT_CLASS = YES_ERROR;
				CLANG_WARN_RANGE_LOOP_ANALYSIS = YES;
				CLANG_WARN_STRICT_PROTOTYPES = YES;
				CLANG_WARN_SUSPICIOUS_MOVE = YES;
				CLANG_WARN_UNGUARDED_AVAILABILITY = YES_AGGRESSIVE;
				CLANG_WARN_UNREACHABLE_CODE = YES;
				CLANG_WARN__DUPLICATE_METHOD_MATCH = YES;
				CODE_SIGN_IDENTITY = "iPhone Developer";
				COPY_PHASE_STRIP = NO;
				DEBUG_INFORMATION_FORMAT = dwarf;
				ENABLE_STRICT_OBJC_MSGSEND = YES;
				ENABLE_TESTABILITY = YES;
				GCC_C_LANGUAGE_STANDARD = gnu11;
				GCC_DYNAMIC_NO_PIC = NO;
				GCC_NO_COMMON_BLOCKS = YES;
				GCC_OPTIMIZATION_LEVEL = 0;
				GCC_PREPROCESSOR_DEFINITIONS = (
					"DEBUG=1",
					"$(inherited)",
				);
				GCC_WARN_64_TO_32_BIT_CONVERSION = YES;
				GCC_WARN_ABOUT_RETURN_TYPE = YES_ERROR;
				GCC_WARN_UNDECLARED_SELECTOR = YES;
				GCC_WARN_UNINITIALIZED_AUTOS = YES_AGGRESSIVE;
				GCC_WARN_UNUSED_FUNCTION = YES;
				GCC_WARN_UNUSED_VARIABLE = YES;
				IPHONEOS_DEPLOYMENT_TARGET = 11.0;
				MTL_ENABLE_DEBUG_INFO = YES;
				ONLY_ACTIVE_ARCH = YES;
				SDKROOT = iphoneos;
				SWIFT_ACTIVE_COMPILATION_CONDITIONS = DEBUG;
				SWIFT_OPTIMIZATION_LEVEL = "-Onone";
			};
			name = Debug;
		};
		6816C68D1FE9CD85000833B7 /* Release */ = {
			isa = XCBuildConfiguration;
			buildSettings = {
				ALWAYS_SEARCH_USER_PATHS = NO;
				CLANG_ANALYZER_NONNULL = YES;
				CLANG_ANALYZER_NUMBER_OBJECT_CONVERSION = YES_AGGRESSIVE;
				CLANG_CXX_LANGUAGE_STANDARD = "gnu++14";
				CLANG_CXX_LIBRARY = "libc++";
				CLANG_ENABLE_MODULES = YES;
				CLANG_ENABLE_OBJC_ARC = YES;
				CLANG_WARN_BLOCK_CAPTURE_AUTORELEASING = YES;
				CLANG_WARN_BOOL_CONVERSION = YES;
				CLANG_WARN_COMMA = YES;
				CLANG_WARN_CONSTANT_CONVERSION = YES;
				CLANG_WARN_DIRECT_OBJC_ISA_USAGE = YES_ERROR;
				CLANG_WARN_DOCUMENTATION_COMMENTS = YES;
				CLANG_WARN_EMPTY_BODY = YES;
				CLANG_WARN_ENUM_CONVERSION = YES;
				CLANG_WARN_INFINITE_RECURSION = YES;
				CLANG_WARN_INT_CONVERSION = YES;
				CLANG_WARN_NON_LITERAL_NULL_CONVERSION = YES;
				CLANG_WARN_OBJC_LITERAL_CONVERSION = YES;
				CLANG_WARN_OBJC_ROOT_CLASS = YES_ERROR;
				CLANG_WARN_RANGE_LOOP_ANALYSIS = YES;
				CLANG_WARN_STRICT_PROTOTYPES = YES;
				CLANG_WARN_SUSPICIOUS_MOVE = YES;
				CLANG_WARN_UNGUARDED_AVAILABILITY = YES_AGGRESSIVE;
				CLANG_WARN_UNREACHABLE_CODE = YES;
				CLANG_WARN__DUPLICATE_METHOD_MATCH = YES;
				CODE_SIGN_IDENTITY = "iPhone Developer";
				COPY_PHASE_STRIP = NO;
				DEBUG_INFORMATION_FORMAT = "dwarf-with-dsym";
				ENABLE_NS_ASSERTIONS = NO;
				ENABLE_STRICT_OBJC_MSGSEND = YES;
				GCC_C_LANGUAGE_STANDARD = gnu11;
				GCC_NO_COMMON_BLOCKS = YES;
				GCC_WARN_64_TO_32_BIT_CONVERSION = YES;
				GCC_WARN_ABOUT_RETURN_TYPE = YES_ERROR;
				GCC_WARN_UNDECLARED_SELECTOR = YES;
				GCC_WARN_UNINITIALIZED_AUTOS = YES_AGGRESSIVE;
				GCC_WARN_UNUSED_FUNCTION = YES;
				GCC_WARN_UNUSED_VARIABLE = YES;
				IPHONEOS_DEPLOYMENT_TARGET = 11.0;
				MTL_ENABLE_DEBUG_INFO = NO;
				SDKROOT = iphoneos;
				SWIFT_OPTIMIZATION_LEVEL = "-Owholemodule";
				VALIDATE_PRODUCT = YES;
			};
			name = Release;
		};
		6816C68F1FE9CD85000833B7 /* Debug */ = {
			isa = XCBuildConfiguration;
			baseConfigurationReference = 1E7CDC4B7929DBF00F799EC7 /* Pods-ToDoApp.debug.xcconfig */;
			buildSettings = {
				ASSETCATALOG_COMPILER_APPICON_NAME = AppIcon;
				CODE_SIGN_STYLE = Automatic;
				DEVELOPMENT_TEAM = V6366C686G;
				INFOPLIST_FILE = ToDoApp/Info.plist;
				LD_RUNPATH_SEARCH_PATHS = "$(inherited) @executable_path/Frameworks";
				PRODUCT_BUNDLE_IDENTIFIER = GKT.apps.ToDoApp;
				PRODUCT_NAME = "$(TARGET_NAME)";
				SWIFT_VERSION = 4.0;
				TARGETED_DEVICE_FAMILY = "1,2";
			};
			name = Debug;
		};
		6816C6901FE9CD85000833B7 /* Release */ = {
			isa = XCBuildConfiguration;
			baseConfigurationReference = E1C6D7EB34F7D0FF7900BD7A /* Pods-ToDoApp.release.xcconfig */;
			buildSettings = {
				ASSETCATALOG_COMPILER_APPICON_NAME = AppIcon;
				CODE_SIGN_STYLE = Automatic;
				DEVELOPMENT_TEAM = V6366C686G;
				INFOPLIST_FILE = ToDoApp/Info.plist;
				LD_RUNPATH_SEARCH_PATHS = "$(inherited) @executable_path/Frameworks";
				PRODUCT_BUNDLE_IDENTIFIER = GKT.apps.ToDoApp;
				PRODUCT_NAME = "$(TARGET_NAME)";
				SWIFT_VERSION = 4.0;
				TARGETED_DEVICE_FAMILY = "1,2";
			};
			name = Release;
		};
/* End XCBuildConfiguration section */

/* Begin XCConfigurationList section */
		6816C6771FE9CD85000833B7 /* Build configuration list for PBXProject "ToDoApp" */ = {
			isa = XCConfigurationList;
			buildConfigurations = (
				6816C68C1FE9CD85000833B7 /* Debug */,
				6816C68D1FE9CD85000833B7 /* Release */,
			);
			defaultConfigurationIsVisible = 0;
			defaultConfigurationName = Release;
		};
		6816C68E1FE9CD85000833B7 /* Build configuration list for PBXNativeTarget "ToDoApp" */ = {
			isa = XCConfigurationList;
			buildConfigurations = (
				6816C68F1FE9CD85000833B7 /* Debug */,
				6816C6901FE9CD85000833B7 /* Release */,
			);
			defaultConfigurationIsVisible = 0;
			defaultConfigurationName = Release;
		};
/* End XCConfigurationList section */
	};
	rootObject = 6816C6741FE9CD85000833B7 /* Project object */;
}
