// !$*UTF8*$!
{
	archiveVersion = 1;
	classes = {
	};
	objectVersion = 48;
	objects = {

/* Begin PBXBuildFile section */
		68012FF41FEB79BF000DEEB3 /* AppDelegate.swift in Sources */ = {isa = PBXBuildFile; fileRef = 68012FF31FEB79BF000DEEB3 /* AppDelegate.swift */; };
		68012FF61FEB79BF000DEEB3 /* ViewController.swift in Sources */ = {isa = PBXBuildFile; fileRef = 68012FF51FEB79BF000DEEB3 /* ViewController.swift */; };
		68012FF91FEB79BF000DEEB3 /* Main.storyboard in Resources */ = {isa = PBXBuildFile; fileRef = 68012FF71FEB79BF000DEEB3 /* Main.storyboard */; };
		68012FFC1FEB79BF000DEEB3 /* TestCore.xcdatamodeld in Sources */ = {isa = PBXBuildFile; fileRef = 68012FFA1FEB79BF000DEEB3 /* TestCore.xcdatamodeld */; };
		68012FFE1FEB79BF000DEEB3 /* Assets.xcassets in Resources */ = {isa = PBXBuildFile; fileRef = 68012FFD1FEB79BF000DEEB3 /* Assets.xcassets */; };
		680130011FEB79BF000DEEB3 /* LaunchScreen.storyboard in Resources */ = {isa = PBXBuildFile; fileRef = 68012FFF1FEB79BF000DEEB3 /* LaunchScreen.storyboard */; };
/* End PBXBuildFile section */

/* Begin PBXFileReference section */
		68012FF01FEB79BF000DEEB3 /* TestCore.app */ = {isa = PBXFileReference; explicitFileType = wrapper.application; includeInIndex = 0; path = TestCore.app; sourceTree = BUILT_PRODUCTS_DIR; };
		68012FF31FEB79BF000DEEB3 /* AppDelegate.swift */ = {isa = PBXFileReference; lastKnownFileType = sourcecode.swift; path = AppDelegate.swift; sourceTree = "<group>"; };
		68012FF51FEB79BF000DEEB3 /* ViewController.swift */ = {isa = PBXFileReference; lastKnownFileType = sourcecode.swift; path = ViewController.swift; sourceTree = "<group>"; };
		68012FF81FEB79BF000DEEB3 /* Base */ = {isa = PBXFileReference; lastKnownFileType = file.storyboard; name = Base; path = Base.lproj/Main.storyboard; sourceTree = "<group>"; };
		68012FFB1FEB79BF000DEEB3 /* TestCore.xcdatamodel */ = {isa = PBXFileReference; lastKnownFileType = wrapper.xcdatamodel; path = TestCore.xcdatamodel; sourceTree = "<group>"; };
		68012FFD1FEB79BF000DEEB3 /* Assets.xcassets */ = {isa = PBXFileReference; lastKnownFileType = folder.assetcatalog; path = Assets.xcassets; sourceTree = "<group>"; };
		680130001FEB79BF000DEEB3 /* Base */ = {isa = PBXFileReference; lastKnownFileType = file.storyboard; name = Base; path = Base.lproj/LaunchScreen.storyboard; sourceTree = "<group>"; };
		680130021FEB79BF000DEEB3 /* Info.plist */ = {isa = PBXFileReference; lastKnownFileType = text.plist.xml; path = Info.plist; sourceTree = "<group>"; };
/* End PBXFileReference section */

/* Begin PBXFrameworksBuildPhase section */
		68012FED1FEB79BF000DEEB3 /* Frameworks */ = {
			isa = PBXFrameworksBuildPhase;
			buildActionMask = 2147483647;
			files = (
			);
			runOnlyForDeploymentPostprocessing = 0;
		};
/* End PBXFrameworksBuildPhase section */

/* Begin PBXGroup section */
		68012FE71FEB79BF000DEEB3 = {
			isa = PBXGroup;
			children = (
				68012FF21FEB79BF000DEEB3 /* TestCore */,
				68012FF11FEB79BF000DEEB3 /* Products */,
			);
			sourceTree = "<group>";
		};
		68012FF11FEB79BF000DEEB3 /* Products */ = {
			isa = PBXGroup;
			children = (
				68012FF01FEB79BF000DEEB3 /* TestCore.app */,
			);
			name = Products;
			sourceTree = "<group>";
		};
		68012FF21FEB79BF000DEEB3 /* TestCore */ = {
			isa = PBXGroup;
			children = (
				68012FF31FEB79BF000DEEB3 /* AppDelegate.swift */,
				68012FF51FEB79BF000DEEB3 /* ViewController.swift */,
				68012FF71FEB79BF000DEEB3 /* Main.storyboard */,
				68012FFD1FEB79BF000DEEB3 /* Assets.xcassets */,
				68012FFF1FEB79BF000DEEB3 /* LaunchScreen.storyboard */,
				680130021FEB79BF000DEEB3 /* Info.plist */,
				68012FFA1FEB79BF000DEEB3 /* TestCore.xcdatamodeld */,
			);
			path = TestCore;
			sourceTree = "<group>";
		};
/* End PBXGroup section */

/* Begin PBXNativeTarget section */
		68012FEF1FEB79BF000DEEB3 /* TestCore */ = {
			isa = PBXNativeTarget;
			buildConfigurationList = 680130051FEB79BF000DEEB3 /* Build configuration list for PBXNativeTarget "TestCore" */;
			buildPhases = (
				68012FEC1FEB79BF000DEEB3 /* Sources */,
				68012FED1FEB79BF000DEEB3 /* Frameworks */,
				68012FEE1FEB79BF000DEEB3 /* Resources */,
			);
			buildRules = (
			);
			dependencies = (
			);
			name = TestCore;
			productName = TestCore;
			productReference = 68012FF01FEB79BF000DEEB3 /* TestCore.app */;
			productType = "com.apple.product-type.application";
		};
/* End PBXNativeTarget section */

/* Begin PBXProject section */
		68012FE81FEB79BF000DEEB3 /* Project object */ = {
			isa = PBXProject;
			attributes = {
				LastSwiftUpdateCheck = 0920;
				LastUpgradeCheck = 0920;
				ORGANIZATIONNAME = "Grace Tay";
				TargetAttributes = {
					68012FEF1FEB79BF000DEEB3 = {
						CreatedOnToolsVersion = 9.2;
						ProvisioningStyle = Automatic;
					};
				};
			};
			buildConfigurationList = 68012FEB1FEB79BF000DEEB3 /* Build configuration list for PBXProject "TestCore" */;
			compatibilityVersion = "Xcode 8.0";
			developmentRegion = en;
			hasScannedForEncodings = 0;
			knownRegions = (
				en,
				Base,
			);
			mainGroup = 68012FE71FEB79BF000DEEB3;
			productRefGroup = 68012FF11FEB79BF000DEEB3 /* Products */;
			projectDirPath = "";
			projectRoot = "";
			targets = (
				68012FEF1FEB79BF000DEEB3 /* TestCore */,
			);
		};
/* End PBXProject section */

/* Begin PBXResourcesBuildPhase section */
		68012FEE1FEB79BF000DEEB3 /* Resources */ = {
			isa = PBXResourcesBuildPhase;
			buildActionMask = 2147483647;
			files = (
				680130011FEB79BF000DEEB3 /* LaunchScreen.storyboard in Resources */,
				68012FFE1FEB79BF000DEEB3 /* Assets.xcassets in Resources */,
				68012FF91FEB79BF000DEEB3 /* Main.storyboard in Resources */,
			);
			runOnlyForDeploymentPostprocessing = 0;
		};
/* End PBXResourcesBuildPhase section */

/* Begin PBXSourcesBuildPhase section */
		68012FEC1FEB79BF000DEEB3 /* Sources */ = {
			isa = PBXSourcesBuildPhase;
			buildActionMask = 2147483647;
			files = (
				68012FF61FEB79BF000DEEB3 /* ViewController.swift in Sources */,
				68012FF41FEB79BF000DEEB3 /* AppDelegate.swift in Sources */,
				68012FFC1FEB79BF000DEEB3 /* TestCore.xcdatamodeld in Sources */,
			);
			runOnlyForDeploymentPostprocessing = 0;
		};
/* End PBXSourcesBuildPhase section */

/* Begin PBXVariantGroup section */
		68012FF71FEB79BF000DEEB3 /* Main.storyboard */ = {
			isa = PBXVariantGroup;
			children = (
				68012FF81FEB79BF000DEEB3 /* Base */,
			);
			name = Main.storyboard;
			sourceTree = "<group>";
		};
		68012FFF1FEB79BF000DEEB3 /* LaunchScreen.storyboard */ = {
			isa = PBXVariantGroup;
			children = (
				680130001FEB79BF000DEEB3 /* Base */,
			);
			name = LaunchScreen.storyboard;
			sourceTree = "<group>";
		};
/* End PBXVariantGroup section */

/* Begin XCBuildConfiguration section */
		680130031FEB79BF000DEEB3 /* Debug */ = {
			isa = XCBuildConfiguration;
			buildSettings = {
				ALWAYS_SEARCH_USER_PATHS = NO;
				CLANG_ANALYZER_NONNULL = YES;
				CLANG_ANALYZER_NUMBER_OBJECT_CONVERSION = YES_AGGRESSIVE;
				CLANG_CXX_LANGUAGE_STANDARD = "gnu++14";
				CLANG_CXX_LIBRARY = "libc++";
				CLANG_ENABLE_MODULES = YES;
				CLANG_ENABLE_OBJC_ARC = YES;
				CLANG_WARN_BLOCK_CAPTURE_AUTORELEASING = YES;
				CLANG_WARN_BOOL_CONVERSION = YES;
				CLANG_WARN_COMMA = YES;
				CLANG_WARN_CONSTANT_CONVERSION = YES;
				CLANG_WARN_DIRECT_OBJC_ISA_USAGE = YES_ERROR;
				CLANG_WARN_DOCUMENTATION_COMMENTS = YES;
				CLANG_WARN_EMPTY_BODY = YES;
				CLANG_WARN_ENUM_CONVERSION = YES;
				CLANG_WARN_INFINITE_RECURSION = YES;
				CLANG_WARN_INT_CONVERSION = YES;
				CLANG_WARN_NON_LITERAL_NULL_CONVERSION = YES;
				CLANG_WARN_OBJC_LITERAL_CONVERSION = YES;
				CLANG_WARN_OBJC_ROOT_CLASS = YES_ERROR;
				CLANG_WARN_RANGE_LOOP_ANALYSIS = YES;
				CLANG_WARN_STRICT_PROTOTYPES = YES;
				CLANG_WARN_SUSPICIOUS_MOVE = YES;
				CLANG_WARN_UNGUARDED_AVAILABILITY = YES_AGGRESSIVE;
				CLANG_WARN_UNREACHABLE_CODE = YES;
				CLANG_WARN__DUPLICATE_METHOD_MATCH = YES;
				CODE_SIGN_IDENTITY = "iPhone Developer";
				COPY_PHASE_STRIP = NO;
				DEBUG_INFORMATION_FORMAT = dwarf;
				ENABLE_STRICT_OBJC_MSGSEND = YES;
				ENABLE_TESTABILITY = YES;
				GCC_C_LANGUAGE_STANDARD = gnu11;
				GCC_DYNAMIC_NO_PIC = NO;
				GCC_NO_COMMON_BLOCKS = YES;
				GCC_OPTIMIZATION_LEVEL = 0;
				GCC_PREPROCESSOR_DEFINITIONS = (
					"DEBUG=1",
					"$(inherited)",
				);
				GCC_WARN_64_TO_32_BIT_CONVERSION = YES;
				GCC_WARN_ABOUT_RETURN_TYPE = YES_ERROR;
				GCC_WARN_UNDECLARED_SELECTOR = YES;
				GCC_WARN_UNINITIALIZED_AUTOS = YES_AGGRESSIVE;
				GCC_WARN_UNUSED_FUNCTION = YES;
				GCC_WARN_UNUSED_VARIABLE = YES;
				IPHONEOS_DEPLOYMENT_TARGET = 11.2;
				MTL_ENABLE_DEBUG_INFO = YES;
				ONLY_ACTIVE_ARCH = YES;
				SDKROOT = iphoneos;
				SWIFT_ACTIVE_COMPILATION_CONDITIONS = DEBUG;
				SWIFT_OPTIMIZATION_LEVEL = "-Onone";
			};
			name = Debug;
		};
		680130041FEB79BF000DEEB3 /* Release */ = {
			isa = XCBuildConfiguration;
			buildSettings = {
				ALWAYS_SEARCH_USER_PATHS = NO;
				CLANG_ANALYZER_NONNULL = YES;
				CLANG_ANALYZER_NUMBER_OBJECT_CONVERSION = YES_AGGRESSIVE;
				CLANG_CXX_LANGUAGE_STANDARD = "gnu++14";
				CLANG_CXX_LIBRARY = "libc++";
				CLANG_ENABLE_MODULES = YES;
				CLANG_ENABLE_OBJC_ARC = YES;
				CLANG_WARN_BLOCK_CAPTURE_AUTORELEASING = YES;
				CLANG_WARN_BOOL_CONVERSION = YES;
				CLANG_WARN_COMMA = YES;
				CLANG_WARN_CONSTANT_CONVERSION = YES;
				CLANG_WARN_DIRECT_OBJC_ISA_USAGE = YES_ERROR;
				CLANG_WARN_DOCUMENTATION_COMMENTS = YES;
				CLANG_WARN_EMPTY_BODY = YES;
				CLANG_WARN_ENUM_CONVERSION = YES;
				CLANG_WARN_INFINITE_RECURSION = YES;
				CLANG_WARN_INT_CONVERSION = YES;
				CLANG_WARN_NON_LITERAL_NULL_CONVERSION = YES;
				CLANG_WARN_OBJC_LITERAL_CONVERSION = YES;
				CLANG_WARN_OBJC_ROOT_CLASS = YES_ERROR;
				CLANG_WARN_RANGE_LOOP_ANALYSIS = YES;
				CLANG_WARN_STRICT_PROTOTYPES = YES;
				CLANG_WARN_SUSPICIOUS_MOVE = YES;
				CLANG_WARN_UNGUARDED_AVAILABILITY = YES_AGGRESSIVE;
				CLANG_WARN_UNREACHABLE_CODE = YES;
				CLANG_WARN__DUPLICATE_METHOD_MATCH = YES;
				CODE_SIGN_IDENTITY = "iPhone Developer";
				COPY_PHASE_STRIP = NO;
				DEBUG_INFORMATION_FORMAT = "dwarf-with-dsym";
				ENABLE_NS_ASSERTIONS = NO;
				ENABLE_STRICT_OBJC_MSGSEND = YES;
				GCC_C_LANGUAGE_STANDARD = gnu11;
				GCC_NO_COMMON_BLOCKS = YES;
				GCC_WARN_64_TO_32_BIT_CONVERSION = YES;
				GCC_WARN_ABOUT_RETURN_TYPE = YES_ERROR;
				GCC_WARN_UNDECLARED_SELECTOR = YES;
				GCC_WARN_UNINITIALIZED_AUTOS = YES_AGGRESSIVE;
				GCC_WARN_UNUSED_FUNCTION = YES;
				GCC_WARN_UNUSED_VARIABLE = YES;
				IPHONEOS_DEPLOYMENT_TARGET = 11.2;
				MTL_ENABLE_DEBUG_INFO = NO;
				SDKROOT = iphoneos;
				SWIFT_OPTIMIZATION_LEVEL = "-Owholemodule";
				VALIDATE_PRODUCT = YES;
			};
			name = Release;
		};
		680130061FEB79BF000DEEB3 /* Debug */ = {
			isa = XCBuildConfiguration;
			buildSettings = {
				ASSETCATALOG_COMPILER_APPICON_NAME = AppIcon;
				CODE_SIGN_STYLE = Automatic;
				DEVELOPMENT_TEAM = V6366C686G;
				INFOPLIST_FILE = TestCore/Info.plist;
				LD_RUNPATH_SEARCH_PATHS = "$(inherited) @executable_path/Frameworks";
				PRODUCT_BUNDLE_IDENTIFIER = GKT.apps.TestCore;
				PRODUCT_NAME = "$(TARGET_NAME)";
				SWIFT_VERSION = 4.0;
				TARGETED_DEVICE_FAMILY = "1,2";
			};
			name = Debug;
		};
		680130071FEB79BF000DEEB3 /* Release */ = {
			isa = XCBuildConfiguration;
			buildSettings = {
				ASSETCATALOG_COMPILER_APPICON_NAME = AppIcon;
				CODE_SIGN_STYLE = Automatic;
				DEVELOPMENT_TEAM = V6366C686G;
				INFOPLIST_FILE = TestCore/Info.plist;
				LD_RUNPATH_SEARCH_PATHS = "$(inherited) @executable_path/Frameworks";
				PRODUCT_BUNDLE_IDENTIFIER = GKT.apps.TestCore;
				PRODUCT_NAME = "$(TARGET_NAME)";
				SWIFT_VERSION = 4.0;
				TARGETED_DEVICE_FAMILY = "1,2";
			};
			name = Release;
		};
/* End XCBuildConfiguration section */

/* Begin XCConfigurationList section */
		68012FEB1FEB79BF000DEEB3 /* Build configuration list for PBXProject "TestCore" */ = {
			isa = XCConfigurationList;
			buildConfigurations = (
				680130031FEB79BF000DEEB3 /* Debug */,
				680130041FEB79BF000DEEB3 /* Release */,
			);
			defaultConfigurationIsVisible = 0;
			defaultConfigurationName = Release;
		};
		680130051FEB79BF000DEEB3 /* Build configuration list for PBXNativeTarget "TestCore" */ = {
			isa = XCConfigurationList;
			buildConfigurations = (
				680130061FEB79BF000DEEB3 /* Debug */,
				680130071FEB79BF000DEEB3 /* Release */,
			);
			defaultConfigurationIsVisible = 0;
			defaultConfigurationName = Release;
		};
/* End XCConfigurationList section */

/* Begin XCVersionGroup section */
		68012FFA1FEB79BF000DEEB3 /* TestCore.xcdatamodeld */ = {
			isa = XCVersionGroup;
			children = (
				68012FFB1FEB79BF000DEEB3 /* TestCore.xcdatamodel */,
			);
			currentVersion = 68012FFB1FEB79BF000DEEB3 /* TestCore.xcdatamodel */;
			path = TestCore.xcdatamodeld;
			sourceTree = "<group>";
			versionGroupType = wrapper.xcdatamodel;
		};
/* End XCVersionGroup section */
	};
	rootObject = 68012FE81FEB79BF000DEEB3 /* Project object */;
}
